
Microsoft Visual Studio Solution File, Format Version 11.00
# Visual Studio 2010
Project("{FAE04EC0-301F-11D3-BF4B-00C04F79EFBC}") = "UnityEngine.UI", "UnityEngine.UI.csproj", "{5F66FB5F-ADFC-E3A1-A506-501824374BBB}"
EndProject
Project("{FAE04EC0-301F-11D3-BF4B-00C04F79EFBC}") = "SteamVR", "SteamVR.csproj", "{F6379FC2-A586-61D0-8D39-29E6BF883FA8}"
EndProject
Project("{FAE04EC0-301F-11D3-BF4B-00C04F79EFBC}") = "UnityEngine.TestRunner", "UnityEngine.TestRunner.csproj", "{A8889726-AD49-BB6D-7F41-EAE120467CED}"
EndProject
Project("{FAE04EC0-301F-11D3-BF4B-00C04F79EFBC}") = "UnityEngine.XR.LegacyInputHelpers", "UnityEngine.XR.LegacyInputHelpers.csproj", "{98CC720C-FA5E-D731-0072-BF245D4D8C6C}"
EndProject
Project("{FAE04EC0-301F-11D3-BF4B-00C04F79EFBC}") = "UnityEngine.UI.Tests", "UnityEngine.UI.Tests.csproj", "{3E60ABDA-00AE-8F27-F95C-346CDAA05F78}"
EndProject
Project("{FAE04EC0-301F-11D3-BF4B-00C04F79EFBC}") = "Unity.Timeline", "Unity.Timeline.csproj", "{49CB7A73-A7B8-320C-B50C-99A7F917ED5C}"
EndProject
Project("{FAE04EC0-301F-11D3-BF4B-00C04F79EFBC}") = "Unity.XR.OpenVR", "Unity.XR.OpenVR.csproj", "{1451AF95-F866-238C-D863-F5FE548A569B}"
EndProject
Project("{FAE04EC0-301F-11D3-BF4B-00C04F79EFBC}") = "Unity.TextMeshPro", "Unity.TextMeshPro.csproj", "{3D3E5746-9F12-9284-620D-06251CC75198}"
EndProject
Project("{FAE04EC0-301F-11D3-BF4B-00C04F79EFBC}") = "Unity.XR.Management", "Unity.XR.Management.csproj", "{02BBBA2F-61AF-D67E-B8F1-20ED35DE08FE}"
EndProject
Project("{FAE04EC0-301F-11D3-BF4B-00C04F79EFBC}") = "Unity.XR.Management.TestPackage", "Unity.XR.Management.TestPackage.csproj", "{DB3968BD-DA42-D510-C2DE-E21F43B989B5}"
EndProject
Project("{FAE04EC0-301F-11D3-BF4B-00C04F79EFBC}") = "Assembly-CSharp", "Assembly-CSharp.csproj", "{8D768F1A-4D60-4B1B-ACAC-2BAB5710773A}"
EndProject
Project("{FAE04EC0-301F-11D3-BF4B-00C04F79EFBC}") = "SteamVR_Actions", "SteamVR_Actions.csproj", "{B22C5419-F19D-07DE-1E5C-78A5029FB240}"
EndProject
Project("{FAE04EC0-301F-11D3-BF4B-00C04F79EFBC}") = "Unity.Subsystem.Registration.Runtime.Tests", "Unity.Subsystem.Registration.Runtime.Tests.csproj", "{DE71DD95-A41C-3E08-076D-A21BE62815FC}"
EndProject
Project("{FAE04EC0-301F-11D3-BF4B-00C04F79EFBC}") = "Unity.XR.Management.Tests.Standalone", "Unity.XR.Management.Tests.Standalone.csproj", "{629967B7-D5CF-8D07-F633-F0EC5114B230}"
EndProject
Project("{FAE04EC0-301F-11D3-BF4B-00C04F79EFBC}") = "Unity.Subsystem.Registration", "Unity.Subsystem.Registration.csproj", "{96AB8A1B-13E9-0F4F-A29F-626C382CC42D}"
EndProject
Project("{FAE04EC0-301F-11D3-BF4B-00C04F79EFBC}") = "UnityEngine.SpatialTracking.Tests", "UnityEngine.SpatialTracking.Tests.csproj", "{9EC53806-6BDA-CC34-B6AE-F5197F5629CD}"
EndProject
Project("{FAE04EC0-301F-11D3-BF4B-00C04F79EFBC}") = "Unity.TextMeshPro.Tests", "Unity.TextMeshPro.Tests.csproj", "{2A27CCE5-B3AC-AE59-B4D8-00E46E7BF176}"
EndProject
Project("{FAE04EC0-301F-11D3-BF4B-00C04F79EFBC}") = "UnityEngine.SpatialTracking", "UnityEngine.SpatialTracking.csproj", "{38930E41-FBD7-48A2-5BC5-0A0FE35663DF}"
EndProject
Project("{FAE04EC0-301F-11D3-BF4B-00C04F79EFBC}") = "Unity.XR.Management.Tests", "Unity.XR.Management.Tests.csproj", "{103FD9F1-E319-466D-ABCF-E4953A863F88}"
EndProject
Project("{FAE04EC0-301F-11D3-BF4B-00C04F79EFBC}") = "Unity.XR.Management.Editor", "Unity.XR.Management.Editor.csproj", "{DDC5806F-1CDA-8446-4A92-B4CA74C72CB0}"
EndProject
Project("{FAE04EC0-301F-11D3-BF4B-00C04F79EFBC}") = "UnityEditor.TestRunner", "UnityEditor.TestRunner.csproj", "{2F5D258E-9474-381B-DC7F-E9D914C0DEAF}"
EndProject
Project("{FAE04EC0-301F-11D3-BF4B-00C04F79EFBC}") = "Unity.PlasticSCM.Editor", "Unity.PlasticSCM.Editor.csproj", "{CA5149FD-F595-D1A9-A4EF-424A2BB57A84}"
EndProject
Project("{FAE04EC0-301F-11D3-BF4B-00C04F79EFBC}") = "UnityEditor.UI", "UnityEditor.UI.csproj", "{D4A84ACB-BA77-9497-7BC4-E1F3BAF65D5D}"
EndProject
Project("{FAE04EC0-301F-11D3-BF4B-00C04F79EFBC}") = "Unity.Services.Core.Editor", "Unity.Services.Core.Editor.csproj", "{757D09F4-C7A4-8FFA-E771-8096751A4F6D}"
EndProject
Project("{FAE04EC0-301F-11D3-BF4B-00C04F79EFBC}") = "Unity.Timeline.Editor", "Unity.Timeline.Editor.csproj", "{09D8E492-5EF3-C6F6-88F5-9E491218A4F1}"
EndProject
Project("{FAE04EC0-301F-11D3-BF4B-00C04F79EFBC}") = "Unity.VisualStudio.Editor", "Unity.VisualStudio.Editor.csproj", "{5FAFBC3C-1440-8714-ABDE-CB705102AFE1}"
EndProject
Project("{FAE04EC0-301F-11D3-BF4B-00C04F79EFBC}") = "Unity.TextMeshPro.Editor", "Unity.TextMeshPro.Editor.csproj", "{80BB8F84-38F1-A942-9995-780A7A3AD2DF}"
EndProject
Project("{FAE04EC0-301F-11D3-BF4B-00C04F79EFBC}") = "Unity.CollabProxy.Editor", "Unity.CollabProxy.Editor.csproj", "{85B4F63B-C7A5-05AA-CAB1-078881D23B0F}"
EndProject
Project("{FAE04EC0-301F-11D3-BF4B-00C04F79EFBC}") = "DocCodeExamples", "DocCodeExamples.csproj", "{38E2E899-D134-F8D7-AC15-5916943D8D02}"
EndProject
Project("{FAE04EC0-301F-11D3-BF4B-00C04F79EFBC}") = "Unity.PlasticSCM.EditorTests", "Unity.PlasticSCM.EditorTests.csproj", "{B3856D3A-0FFF-9486-C756-BA82F7A5B933}"
EndProject
Project("{FAE04EC0-301F-11D3-BF4B-00C04F79EFBC}") = "Unity.Rider.Editor", "Unity.Rider.Editor.csproj", "{A18EA5E4-DA22-1BD0-FA76-947A889EC64B}"
EndProject
Project("{FAE04EC0-301F-11D3-BF4B-00C04F79EFBC}") = "UnityEditor.UI.EditorTests", "UnityEditor.UI.EditorTests.csproj", "{0F958B30-6FBB-E444-0D86-8AC559B06CC0}"
EndProject
Project("{FAE04EC0-301F-11D3-BF4B-00C04F79EFBC}") = "SteamVR_Input_Editor", "SteamVR_Input_Editor.csproj", "{9A75824F-7B3F-C652-A1B4-FBB66ED070F1}"
EndProject
Project("{FAE04EC0-301F-11D3-BF4B-00C04F79EFBC}") = "Unity.CollabProxy.EditorTests", "Unity.CollabProxy.EditorTests.csproj", "{66A41D55-F76B-FB9B-796E-F62B4966ECCA}"
EndProject
Project("{FAE04EC0-301F-11D3-BF4B-00C04F79EFBC}") = "UnityEditor.XR.LegacyInputHelpers", "UnityEditor.XR.LegacyInputHelpers.csproj", "{0913E4F6-DBB5-6E6F-F01B-062CF9543917}"
EndProject
Project("{FAE04EC0-301F-11D3-BF4B-00C04F79EFBC}") = "SteamVR_Editor", "SteamVR_Editor.csproj", "{6D4F24F7-6ACC-F8A1-FE25-1D18BCF2120F}"
EndProject
Project("{FAE04EC0-301F-11D3-BF4B-00C04F79EFBC}") = "Unity.XR.TestSupport", "Unity.XR.TestSupport.csproj", "{68756FF5-A174-B9E1-9DC9-06A7B37A0B65}"
EndProject
Project("{FAE04EC0-301F-11D3-BF4B-00C04F79EFBC}") = "Unity.VSCode.Editor", "Unity.VSCode.Editor.csproj", "{F8F0BB63-C7E1-CC91-5B06-53A6E4E2A6B8}"
EndProject
Project("{FAE04EC0-301F-11D3-BF4B-00C04F79EFBC}") = "UnityEditor.SpatialTracking", "UnityEditor.SpatialTracking.csproj", "{AB10F3E4-0AA8-F0CB-6833-A0DDE769894E}"
EndProject
Project("{FAE04EC0-301F-11D3-BF4B-00C04F79EFBC}") = "Unity.XR.Management.TestPackage.Editor", "Unity.XR.Management.TestPackage.Editor.csproj", "{0B507B0F-CDD3-3E02-7D48-A604834A45F3}"
EndProject
Project("{FAE04EC0-301F-11D3-BF4B-00C04F79EFBC}") = "Unity.XR.OpenVR.Editor", "Unity.XR.OpenVR.Editor.csproj", "{8AB1D78C-ADB0-0FC9-798C-53803BFEDFC1}"
EndProject
Project("{FAE04EC0-301F-11D3-BF4B-00C04F79EFBC}") = "Unity.XR.Management.EditorTests", "Unity.XR.Management.EditorTests.csproj", "{CCEDC98B-7926-C97D-9954-D176E23EE5CE}"
EndProject
Project("{FAE04EC0-301F-11D3-BF4B-00C04F79EFBC}") = "SteamVR_Windows_EditorHelper", "SteamVR_Windows_EditorHelper.csproj", "{D64DABBD-F19A-DCF6-BF36-2AD1C26FF701}"
EndProject
Project("{FAE04EC0-301F-11D3-BF4B-00C04F79EFBC}") = "UnityEditor.XR.LegacyInputHelpers.Tests", "UnityEditor.XR.LegacyInputHelpers.Tests.csproj", "{C9B38457-9003-DC06-0214-CDA92D687F6C}"
EndProject
Project("{FAE04EC0-301F-11D3-BF4B-00C04F79EFBC}") = "Unity.Nuget.NewtonsoftJson.EditorTests", "Unity.Nuget.NewtonsoftJson.EditorTests.csproj", "{2284E18A-DD70-EABF-374E-43CD1C01FE26}"
EndProject
Project("{FAE04EC0-301F-11D3-BF4B-00C04F79EFBC}") = "Unity.TextMeshPro.Editor.Tests", "Unity.TextMeshPro.Editor.Tests.csproj", "{96742FD7-3DE6-D6A0-7FF4-452B08BF2B27}"
EndProject
Global
	GlobalSection(SolutionConfigurationPlatforms) = preSolution
		Debug|Any CPU = Debug|Any CPU
		Release|Any CPU = Release|Any CPU
	EndGlobalSection
	GlobalSection(ProjectConfigurationPlatforms) = postSolution
		{5F66FB5F-ADFC-E3A1-A506-501824374BBB}.Debug|Any CPU.ActiveCfg = Debug|Any CPU
		{5F66FB5F-ADFC-E3A1-A506-501824374BBB}.Debug|Any CPU.Build.0 = Debug|Any CPU
		{5F66FB5F-ADFC-E3A1-A506-501824374BBB}.Release|Any CPU.ActiveCfg = Release|Any CPU
		{5F66FB5F-ADFC-E3A1-A506-501824374BBB}.Release|Any CPU.Build.0 = Release|Any CPU
		{F6379FC2-A586-61D0-8D39-29E6BF883FA8}.Debug|Any CPU.ActiveCfg = Debug|Any CPU
		{F6379FC2-A586-61D0-8D39-29E6BF883FA8}.Debug|Any CPU.Build.0 = Debug|Any CPU
		{F6379FC2-A586-61D0-8D39-29E6BF883FA8}.Release|Any CPU.ActiveCfg = Release|Any CPU
		{F6379FC2-A586-61D0-8D39-29E6BF883FA8}.Release|Any CPU.Build.0 = Release|Any CPU
		{A8889726-AD49-BB6D-7F41-EAE120467CED}.Debug|Any CPU.ActiveCfg = Debug|Any CPU
		{A8889726-AD49-BB6D-7F41-EAE120467CED}.Debug|Any CPU.Build.0 = Debug|Any CPU
		{A8889726-AD49-BB6D-7F41-EAE120467CED}.Release|Any CPU.ActiveCfg = Release|Any CPU
		{A8889726-AD49-BB6D-7F41-EAE120467CED}.Release|Any CPU.Build.0 = Release|Any CPU
		{98CC720C-FA5E-D731-0072-BF245D4D8C6C}.Debug|Any CPU.ActiveCfg = Debug|Any CPU
		{98CC720C-FA5E-D731-0072-BF245D4D8C6C}.Debug|Any CPU.Build.0 = Debug|Any CPU
		{98CC720C-FA5E-D731-0072-BF245D4D8C6C}.Release|Any CPU.ActiveCfg = Release|Any CPU
		{98CC720C-FA5E-D731-0072-BF245D4D8C6C}.Release|Any CPU.Build.0 = Release|Any CPU
		{3E60ABDA-00AE-8F27-F95C-346CDAA05F78}.Debug|Any CPU.ActiveCfg = Debug|Any CPU
		{3E60ABDA-00AE-8F27-F95C-346CDAA05F78}.Debug|Any CPU.Build.0 = Debug|Any CPU
		{3E60ABDA-00AE-8F27-F95C-346CDAA05F78}.Release|Any CPU.ActiveCfg = Release|Any CPU
		{3E60ABDA-00AE-8F27-F95C-346CDAA05F78}.Release|Any CPU.Build.0 = Release|Any CPU
		{49CB7A73-A7B8-320C-B50C-99A7F917ED5C}.Debug|Any CPU.ActiveCfg = Debug|Any CPU
		{49CB7A73-A7B8-320C-B50C-99A7F917ED5C}.Debug|Any CPU.Build.0 = Debug|Any CPU
		{49CB7A73-A7B8-320C-B50C-99A7F917ED5C}.Release|Any CPU.ActiveCfg = Release|Any CPU
		{49CB7A73-A7B8-320C-B50C-99A7F917ED5C}.Release|Any CPU.Build.0 = Release|Any CPU
		{1451AF95-F866-238C-D863-F5FE548A569B}.Debug|Any CPU.ActiveCfg = Debug|Any CPU
		{1451AF95-F866-238C-D863-F5FE548A569B}.Debug|Any CPU.Build.0 = Debug|Any CPU
		{1451AF95-F866-238C-D863-F5FE548A569B}.Release|Any CPU.ActiveCfg = Release|Any CPU
		{1451AF95-F866-238C-D863-F5FE548A569B}.Release|Any CPU.Build.0 = Release|Any CPU
		{3D3E5746-9F12-9284-620D-06251CC75198}.Debug|Any CPU.ActiveCfg = Debug|Any CPU
		{3D3E5746-9F12-9284-620D-06251CC75198}.Debug|Any CPU.Build.0 = Debug|Any CPU
		{3D3E5746-9F12-9284-620D-06251CC75198}.Release|Any CPU.ActiveCfg = Release|Any CPU
		{3D3E5746-9F12-9284-620D-06251CC75198}.Release|Any CPU.Build.0 = Release|Any CPU
		{02BBBA2F-61AF-D67E-B8F1-20ED35DE08FE}.Debug|Any CPU.ActiveCfg = Debug|Any CPU
		{02BBBA2F-61AF-D67E-B8F1-20ED35DE08FE}.Debug|Any CPU.Build.0 = Debug|Any CPU
		{02BBBA2F-61AF-D67E-B8F1-20ED35DE08FE}.Release|Any CPU.ActiveCfg = Release|Any CPU
		{02BBBA2F-61AF-D67E-B8F1-20ED35DE08FE}.Release|Any CPU.Build.0 = Release|Any CPU
		{DB3968BD-DA42-D510-C2DE-E21F43B989B5}.Debug|Any CPU.ActiveCfg = Debug|Any CPU
		{DB3968BD-DA42-D510-C2DE-E21F43B989B5}.Debug|Any CPU.Build.0 = Debug|Any CPU
		{DB3968BD-DA42-D510-C2DE-E21F43B989B5}.Release|Any CPU.ActiveCfg = Release|Any CPU
		{DB3968BD-DA42-D510-C2DE-E21F43B989B5}.Release|Any CPU.Build.0 = Release|Any CPU
		{8D768F1A-4D60-4B1B-ACAC-2BAB5710773A}.Debug|Any CPU.ActiveCfg = Debug|Any CPU
		{8D768F1A-4D60-4B1B-ACAC-2BAB5710773A}.Debug|Any CPU.Build.0 = Debug|Any CPU
		{8D768F1A-4D60-4B1B-ACAC-2BAB5710773A}.Release|Any CPU.ActiveCfg = Release|Any CPU
		{8D768F1A-4D60-4B1B-ACAC-2BAB5710773A}.Release|Any CPU.Build.0 = Release|Any CPU
		{B22C5419-F19D-07DE-1E5C-78A5029FB240}.Debug|Any CPU.ActiveCfg = Debug|Any CPU
		{B22C5419-F19D-07DE-1E5C-78A5029FB240}.Debug|Any CPU.Build.0 = Debug|Any CPU
		{B22C5419-F19D-07DE-1E5C-78A5029FB240}.Release|Any CPU.ActiveCfg = Release|Any CPU
		{B22C5419-F19D-07DE-1E5C-78A5029FB240}.Release|Any CPU.Build.0 = Release|Any CPU
		{DE71DD95-A41C-3E08-076D-A21BE62815FC}.Debug|Any CPU.ActiveCfg = Debug|Any CPU
		{DE71DD95-A41C-3E08-076D-A21BE62815FC}.Debug|Any CPU.Build.0 = Debug|Any CPU
		{DE71DD95-A41C-3E08-076D-A21BE62815FC}.Release|Any CPU.ActiveCfg = Release|Any CPU
		{DE71DD95-A41C-3E08-076D-A21BE62815FC}.Release|Any CPU.Build.0 = Release|Any CPU
		{629967B7-D5CF-8D07-F633-F0EC5114B230}.Debug|Any CPU.ActiveCfg = Debug|Any CPU
		{629967B7-D5CF-8D07-F633-F0EC5114B230}.Debug|Any CPU.Build.0 = Debug|Any CPU
		{629967B7-D5CF-8D07-F633-F0EC5114B230}.Release|Any CPU.ActiveCfg = Release|Any CPU
		{629967B7-D5CF-8D07-F633-F0EC5114B230}.Release|Any CPU.Build.0 = Release|Any CPU
		{96AB8A1B-13E9-0F4F-A29F-626C382CC42D}.Debug|Any CPU.ActiveCfg = Debug|Any CPU
		{96AB8A1B-13E9-0F4F-A29F-626C382CC42D}.Debug|Any CPU.Build.0 = Debug|Any CPU
		{96AB8A1B-13E9-0F4F-A29F-626C382CC42D}.Release|Any CPU.ActiveCfg = Release|Any CPU
		{96AB8A1B-13E9-0F4F-A29F-626C382CC42D}.Release|Any CPU.Build.0 = Release|Any CPU
		{9EC53806-6BDA-CC34-B6AE-F5197F5629CD}.Debug|Any CPU.ActiveCfg = Debug|Any CPU
		{9EC53806-6BDA-CC34-B6AE-F5197F5629CD}.Debug|Any CPU.Build.0 = Debug|Any CPU
		{9EC53806-6BDA-CC34-B6AE-F5197F5629CD}.Release|Any CPU.ActiveCfg = Release|Any CPU
		{9EC53806-6BDA-CC34-B6AE-F5197F5629CD}.Release|Any CPU.Build.0 = Release|Any CPU
		{2A27CCE5-B3AC-AE59-B4D8-00E46E7BF176}.Debug|Any CPU.ActiveCfg = Debug|Any CPU
		{2A27CCE5-B3AC-AE59-B4D8-00E46E7BF176}.Debug|Any CPU.Build.0 = Debug|Any CPU
		{2A27CCE5-B3AC-AE59-B4D8-00E46E7BF176}.Release|Any CPU.ActiveCfg = Release|Any CPU
		{2A27CCE5-B3AC-AE59-B4D8-00E46E7BF176}.Release|Any CPU.Build.0 = Release|Any CPU
		{38930E41-FBD7-48A2-5BC5-0A0FE35663DF}.Debug|Any CPU.ActiveCfg = Debug|Any CPU
		{38930E41-FBD7-48A2-5BC5-0A0FE35663DF}.Debug|Any CPU.Build.0 = Debug|Any CPU
		{38930E41-FBD7-48A2-5BC5-0A0FE35663DF}.Release|Any CPU.ActiveCfg = Release|Any CPU
		{38930E41-FBD7-48A2-5BC5-0A0FE35663DF}.Release|Any CPU.Build.0 = Release|Any CPU
		{103FD9F1-E319-466D-ABCF-E4953A863F88}.Debug|Any CPU.ActiveCfg = Debug|Any CPU
		{103FD9F1-E319-466D-ABCF-E4953A863F88}.Debug|Any CPU.Build.0 = Debug|Any CPU
		{103FD9F1-E319-466D-ABCF-E4953A863F88}.Release|Any CPU.ActiveCfg = Release|Any CPU
		{103FD9F1-E319-466D-ABCF-E4953A863F88}.Release|Any CPU.Build.0 = Release|Any CPU
		{DDC5806F-1CDA-8446-4A92-B4CA74C72CB0}.Debug|Any CPU.ActiveCfg = Debug|Any CPU
		{DDC5806F-1CDA-8446-4A92-B4CA74C72CB0}.Debug|Any CPU.Build.0 = Debug|Any CPU
		{DDC5806F-1CDA-8446-4A92-B4CA74C72CB0}.Release|Any CPU.ActiveCfg = Release|Any CPU
		{DDC5806F-1CDA-8446-4A92-B4CA74C72CB0}.Release|Any CPU.Build.0 = Release|Any CPU
		{2F5D258E-9474-381B-DC7F-E9D914C0DEAF}.Debug|Any CPU.ActiveCfg = Debug|Any CPU
		{2F5D258E-9474-381B-DC7F-E9D914C0DEAF}.Debug|Any CPU.Build.0 = Debug|Any CPU
		{2F5D258E-9474-381B-DC7F-E9D914C0DEAF}.Release|Any CPU.ActiveCfg = Release|Any CPU
		{2F5D258E-9474-381B-DC7F-E9D914C0DEAF}.Release|Any CPU.Build.0 = Release|Any CPU
		{CA5149FD-F595-D1A9-A4EF-424A2BB57A84}.Debug|Any CPU.ActiveCfg = Debug|Any CPU
		{CA5149FD-F595-D1A9-A4EF-424A2BB57A84}.Debug|Any CPU.Build.0 = Debug|Any CPU
		{CA5149FD-F595-D1A9-A4EF-424A2BB57A84}.Release|Any CPU.ActiveCfg = Release|Any CPU
		{CA5149FD-F595-D1A9-A4EF-424A2BB57A84}.Release|Any CPU.Build.0 = Release|Any CPU
		{D4A84ACB-BA77-9497-7BC4-E1F3BAF65D5D}.Debug|Any CPU.ActiveCfg = Debug|Any CPU
		{D4A84ACB-BA77-9497-7BC4-E1F3BAF65D5D}.Debug|Any CPU.Build.0 = Debug|Any CPU
		{D4A84ACB-BA77-9497-7BC4-E1F3BAF65D5D}.Release|Any CPU.ActiveCfg = Release|Any CPU
		{D4A84ACB-BA77-9497-7BC4-E1F3BAF65D5D}.Release|Any CPU.Build.0 = Release|Any CPU
		{757D09F4-C7A4-8FFA-E771-8096751A4F6D}.Debug|Any CPU.ActiveCfg = Debug|Any CPU
		{757D09F4-C7A4-8FFA-E771-8096751A4F6D}.Debug|Any CPU.Build.0 = Debug|Any CPU
		{757D09F4-C7A4-8FFA-E771-8096751A4F6D}.Release|Any CPU.ActiveCfg = Release|Any CPU
		{757D09F4-C7A4-8FFA-E771-8096751A4F6D}.Release|Any CPU.Build.0 = Release|Any CPU
		{09D8E492-5EF3-C6F6-88F5-9E491218A4F1}.Debug|Any CPU.ActiveCfg = Debug|Any CPU
		{09D8E492-5EF3-C6F6-88F5-9E491218A4F1}.Debug|Any CPU.Build.0 = Debug|Any CPU
		{09D8E492-5EF3-C6F6-88F5-9E491218A4F1}.Release|Any CPU.ActiveCfg = Release|Any CPU
		{09D8E492-5EF3-C6F6-88F5-9E491218A4F1}.Release|Any CPU.Build.0 = Release|Any CPU
		{5FAFBC3C-1440-8714-ABDE-CB705102AFE1}.Debug|Any CPU.ActiveCfg = Debug|Any CPU
		{5FAFBC3C-1440-8714-ABDE-CB705102AFE1}.Debug|Any CPU.Build.0 = Debug|Any CPU
		{5FAFBC3C-1440-8714-ABDE-CB705102AFE1}.Release|Any CPU.ActiveCfg = Release|Any CPU
		{5FAFBC3C-1440-8714-ABDE-CB705102AFE1}.Release|Any CPU.Build.0 = Release|Any CPU
		{80BB8F84-38F1-A942-9995-780A7A3AD2DF}.Debug|Any CPU.ActiveCfg = Debug|Any CPU
		{80BB8F84-38F1-A942-9995-780A7A3AD2DF}.Debug|Any CPU.Build.0 = Debug|Any CPU
		{80BB8F84-38F1-A942-9995-780A7A3AD2DF}.Release|Any CPU.ActiveCfg = Release|Any CPU
		{80BB8F84-38F1-A942-9995-780A7A3AD2DF}.Release|Any CPU.Build.0 = Release|Any CPU
		{85B4F63B-C7A5-05AA-CAB1-078881D23B0F}.Debug|Any CPU.ActiveCfg = Debug|Any CPU
		{85B4F63B-C7A5-05AA-CAB1-078881D23B0F}.Debug|Any CPU.Build.0 = Debug|Any CPU
		{85B4F63B-C7A5-05AA-CAB1-078881D23B0F}.Release|Any CPU.ActiveCfg = Release|Any CPU
		{85B4F63B-C7A5-05AA-CAB1-078881D23B0F}.Release|Any CPU.Build.0 = Release|Any CPU
		{38E2E899-D134-F8D7-AC15-5916943D8D02}.Debug|Any CPU.ActiveCfg = Debug|Any CPU
		{38E2E899-D134-F8D7-AC15-5916943D8D02}.Debug|Any CPU.Build.0 = Debug|Any CPU
		{38E2E899-D134-F8D7-AC15-5916943D8D02}.Release|Any CPU.ActiveCfg = Release|Any CPU
		{38E2E899-D134-F8D7-AC15-5916943D8D02}.Release|Any CPU.Build.0 = Release|Any CPU
		{B3856D3A-0FFF-9486-C756-BA82F7A5B933}.Debug|Any CPU.ActiveCfg = Debug|Any CPU
		{B3856D3A-0FFF-9486-C756-BA82F7A5B933}.Debug|Any CPU.Build.0 = Debug|Any CPU
		{B3856D3A-0FFF-9486-C756-BA82F7A5B933}.Release|Any CPU.ActiveCfg = Release|Any CPU
		{B3856D3A-0FFF-9486-C756-BA82F7A5B933}.Release|Any CPU.Build.0 = Release|Any CPU
		{A18EA5E4-DA22-1BD0-FA76-947A889EC64B}.Debug|Any CPU.ActiveCfg = Debug|Any CPU
		{A18EA5E4-DA22-1BD0-FA76-947A889EC64B}.Debug|Any CPU.Build.0 = Debug|Any CPU
		{A18EA5E4-DA22-1BD0-FA76-947A889EC64B}.Release|Any CPU.ActiveCfg = Release|Any CPU
		{A18EA5E4-DA22-1BD0-FA76-947A889EC64B}.Release|Any CPU.Build.0 = Release|Any CPU
		{0F958B30-6FBB-E444-0D86-8AC559B06CC0}.Debug|Any CPU.ActiveCfg = Debug|Any CPU
		{0F958B30-6FBB-E444-0D86-8AC559B06CC0}.Debug|Any CPU.Build.0 = Debug|Any CPU
		{0F958B30-6FBB-E444-0D86-8AC559B06CC0}.Release|Any CPU.ActiveCfg = Release|Any CPU
		{0F958B30-6FBB-E444-0D86-8AC559B06CC0}.Release|Any CPU.Build.0 = Release|Any CPU
		{9A75824F-7B3F-C652-A1B4-FBB66ED070F1}.Debug|Any CPU.ActiveCfg = Debug|Any CPU
		{9A75824F-7B3F-C652-A1B4-FBB66ED070F1}.Debug|Any CPU.Build.0 = Debug|Any CPU
		{9A75824F-7B3F-C652-A1B4-FBB66ED070F1}.Release|Any CPU.ActiveCfg = Release|Any CPU
		{9A75824F-7B3F-C652-A1B4-FBB66ED070F1}.Release|Any CPU.Build.0 = Release|Any CPU
		{66A41D55-F76B-FB9B-796E-F62B4966ECCA}.Debug|Any CPU.ActiveCfg = Debug|Any CPU
		{66A41D55-F76B-FB9B-796E-F62B4966ECCA}.Debug|Any CPU.Build.0 = Debug|Any CPU
		{66A41D55-F76B-FB9B-796E-F62B4966ECCA}.Release|Any CPU.ActiveCfg = Release|Any CPU
		{66A41D55-F76B-FB9B-796E-F62B4966ECCA}.Release|Any CPU.Build.0 = Release|Any CPU
		{0913E4F6-DBB5-6E6F-F01B-062CF9543917}.Debug|Any CPU.ActiveCfg = Debug|Any CPU
		{0913E4F6-DBB5-6E6F-F01B-062CF9543917}.Debug|Any CPU.Build.0 = Debug|Any CPU
		{0913E4F6-DBB5-6E6F-F01B-062CF9543917}.Release|Any CPU.ActiveCfg = Release|Any CPU
		{0913E4F6-DBB5-6E6F-F01B-062CF9543917}.Release|Any CPU.Build.0 = Release|Any CPU
		{6D4F24F7-6ACC-F8A1-FE25-1D18BCF2120F}.Debug|Any CPU.ActiveCfg = Debug|Any CPU
		{6D4F24F7-6ACC-F8A1-FE25-1D18BCF2120F}.Debug|Any CPU.Build.0 = Debug|Any CPU
		{6D4F24F7-6ACC-F8A1-FE25-1D18BCF2120F}.Release|Any CPU.ActiveCfg = Release|Any CPU
		{6D4F24F7-6ACC-F8A1-FE25-1D18BCF2120F}.Release|Any CPU.Build.0 = Release|Any CPU
		{68756FF5-A174-B9E1-9DC9-06A7B37A0B65}.Debug|Any CPU.ActiveCfg = Debug|Any CPU
		{68756FF5-A174-B9E1-9DC9-06A7B37A0B65}.Debug|Any CPU.Build.0 = Debug|Any CPU
		{68756FF5-A174-B9E1-9DC9-06A7B37A0B65}.Release|Any CPU.ActiveCfg = Release|Any CPU
		{68756FF5-A174-B9E1-9DC9-06A7B37A0B65}.Release|Any CPU.Build.0 = Release|Any CPU
		{F8F0BB63-C7E1-CC91-5B06-53A6E4E2A6B8}.Debug|Any CPU.ActiveCfg = Debug|Any CPU
		{F8F0BB63-C7E1-CC91-5B06-53A6E4E2A6B8}.Debug|Any CPU.Build.0 = Debug|Any CPU
		{F8F0BB63-C7E1-CC91-5B06-53A6E4E2A6B8}.Release|Any CPU.ActiveCfg = Release|Any CPU
		{F8F0BB63-C7E1-CC91-5B06-53A6E4E2A6B8}.Release|Any CPU.Build.0 = Release|Any CPU
		{AB10F3E4-0AA8-F0CB-6833-A0DDE769894E}.Debug|Any CPU.ActiveCfg = Debug|Any CPU
		{AB10F3E4-0AA8-F0CB-6833-A0DDE769894E}.Debug|Any CPU.Build.0 = Debug|Any CPU
		{AB10F3E4-0AA8-F0CB-6833-A0DDE769894E}.Release|Any CPU.ActiveCfg = Release|Any CPU
		{AB10F3E4-0AA8-F0CB-6833-A0DDE769894E}.Release|Any CPU.Build.0 = Release|Any CPU
		{0B507B0F-CDD3-3E02-7D48-A604834A45F3}.Debug|Any CPU.ActiveCfg = Debug|Any CPU
		{0B507B0F-CDD3-3E02-7D48-A604834A45F3}.Debug|Any CPU.Build.0 = Debug|Any CPU
		{0B507B0F-CDD3-3E02-7D48-A604834A45F3}.Release|Any CPU.ActiveCfg = Release|Any CPU
		{0B507B0F-CDD3-3E02-7D48-A604834A45F3}.Release|Any CPU.Build.0 = Release|Any CPU
		{8AB1D78C-ADB0-0FC9-798C-53803BFEDFC1}.Debug|Any CPU.ActiveCfg = Debug|Any CPU
		{8AB1D78C-ADB0-0FC9-798C-53803BFEDFC1}.Debug|Any CPU.Build.0 = Debug|Any CPU
		{8AB1D78C-ADB0-0FC9-798C-53803BFEDFC1}.Release|Any CPU.ActiveCfg = Release|Any CPU
		{8AB1D78C-ADB0-0FC9-798C-53803BFEDFC1}.Release|Any CPU.Build.0 = Release|Any CPU
		{CCEDC98B-7926-C97D-9954-D176E23EE5CE}.Debug|Any CPU.ActiveCfg = Debug|Any CPU
		{CCEDC98B-7926-C97D-9954-D176E23EE5CE}.Debug|Any CPU.Build.0 = Debug|Any CPU
		{CCEDC98B-7926-C97D-9954-D176E23EE5CE}.Release|Any CPU.ActiveCfg = Release|Any CPU
		{CCEDC98B-7926-C97D-9954-D176E23EE5CE}.Release|Any CPU.Build.0 = Release|Any CPU
		{D64DABBD-F19A-DCF6-BF36-2AD1C26FF701}.Debug|Any CPU.ActiveCfg = Debug|Any CPU
		{D64DABBD-F19A-DCF6-BF36-2AD1C26FF701}.Debug|Any CPU.Build.0 = Debug|Any CPU
		{D64DABBD-F19A-DCF6-BF36-2AD1C26FF701}.Release|Any CPU.ActiveCfg = Release|Any CPU
		{D64DABBD-F19A-DCF6-BF36-2AD1C26FF701}.Release|Any CPU.Build.0 = Release|Any CPU
		{C9B38457-9003-DC06-0214-CDA92D687F6C}.Debug|Any CPU.ActiveCfg = Debug|Any CPU
		{C9B38457-9003-DC06-0214-CDA92D687F6C}.Debug|Any CPU.Build.0 = Debug|Any CPU
		{C9B38457-9003-DC06-0214-CDA92D687F6C}.Release|Any CPU.ActiveCfg = Release|Any CPU
		{C9B38457-9003-DC06-0214-CDA92D687F6C}.Release|Any CPU.Build.0 = Release|Any CPU
		{2284E18A-DD70-EABF-374E-43CD1C01FE26}.Debug|Any CPU.ActiveCfg = Debug|Any CPU
		{2284E18A-DD70-EABF-374E-43CD1C01FE26}.Debug|Any CPU.Build.0 = Debug|Any CPU
		{2284E18A-DD70-EABF-374E-43CD1C01FE26}.Release|Any CPU.ActiveCfg = Release|Any CPU
		{2284E18A-DD70-EABF-374E-43CD1C01FE26}.Release|Any CPU.Build.0 = Release|Any CPU
		{96742FD7-3DE6-D6A0-7FF4-452B08BF2B27}.Debug|Any CPU.ActiveCfg = Debug|Any CPU
		{96742FD7-3DE6-D6A0-7FF4-452B08BF2B27}.Debug|Any CPU.Build.0 = Debug|Any CPU
		{96742FD7-3DE6-D6A0-7FF4-452B08BF2B27}.Release|Any CPU.ActiveCfg = Release|Any CPU
		{96742FD7-3DE6-D6A0-7FF4-452B08BF2B27}.Release|Any CPU.Build.0 = Release|Any CPU
	EndGlobalSection
	GlobalSection(SolutionProperties) = preSolution
		HideSolutionNode = FALSE
	EndGlobalSection
EndGlobal
